# This file is generated by running "yarn install" inside your project.
# Manual changes might be lost - proceed with caution!

__metadata:
  version: 4

"@babel/code-frame@npm:^7.8.3":
  version: 7.8.3
  resolution: "@babel/code-frame@npm:7.8.3"
  dependencies:
    "@babel/highlight": ^7.8.3
  checksum: d57fde42b4403e78c783112564c3a83a2618834ff1aebf90226825171862aea4b24e4b750a2ca2b22f23a3216e1601df2c720c8f0e5041e81033b6f77a2a21d8
  languageName: node
  linkType: hard

"@babel/core@npm:^7.8.3":
  version: 7.8.3
  resolution: "@babel/core@npm:7.8.3"
  dependencies:
    "@babel/code-frame": ^7.8.3
    "@babel/generator": ^7.8.3
    "@babel/helpers": ^7.8.3
    "@babel/parser": ^7.8.3
    "@babel/template": ^7.8.3
    "@babel/traverse": ^7.8.3
    "@babel/types": ^7.8.3
    convert-source-map: ^1.7.0
    debug: ^4.1.0
    gensync: ^1.0.0-beta.1
    json5: ^2.1.0
    lodash: ^4.17.13
    resolve: ^1.3.2
    semver: ^5.4.1
    source-map: ^0.5.0
  checksum: 7a406bf1f8d189cc6bcdf83ac797772f9e6328731e6150eb1e048d954125a07e964fcad9ace1797d905a840c63c658cf7e186c0f886bae96545f9d1f450a4335
  languageName: node
  linkType: hard

"@babel/generator@npm:^7.8.3":
  version: 7.8.3
  resolution: "@babel/generator@npm:7.8.3"
  dependencies:
    "@babel/types": ^7.8.3
    jsesc: ^2.5.1
    lodash: ^4.17.13
    source-map: ^0.5.0
  checksum: 37ea6ba5eb5288f1df21e9cd82bcd75b3222799409a1251f040470ce69e91e47ff8375a034490f134291f26ab8cfe65bfd8fb3327b1ae6c25c2b76cab0e81a8f
  languageName: node
  linkType: hard

"@babel/helper-function-name@npm:^7.8.3":
  version: 7.8.3
  resolution: "@babel/helper-function-name@npm:7.8.3"
  dependencies:
    "@babel/helper-get-function-arity": ^7.8.3
    "@babel/template": ^7.8.3
    "@babel/types": ^7.8.3
  checksum: 71711d0a6ae991579a715deb8a754b893f18d65a459ae04371ac215d76654ee0fdff84990f39165563caaf5866f52e4da4ef2be6ca8e5ebaee425d1cea0135cf
  languageName: node
  linkType: hard

"@babel/helper-get-function-arity@npm:^7.8.3":
  version: 7.8.3
  resolution: "@babel/helper-get-function-arity@npm:7.8.3"
  dependencies:
    "@babel/types": ^7.8.3
  checksum: 6f846d71ce4c09712ce8a7f3222284258d55ae175bed82d79709a0d904d05c1d7d9782148936ccd5b8dd49abb72348bf6c343a8f04aa26e9c462d3789fc3d03d
  languageName: node
  linkType: hard

"@babel/helper-split-export-declaration@npm:^7.8.3":
  version: 7.8.3
  resolution: "@babel/helper-split-export-declaration@npm:7.8.3"
  dependencies:
    "@babel/types": ^7.8.3
  checksum: 20b0dc2498a17df1c71599c13c439fc9bb8fb987d5e47679f7dd88f723447afd76b02048f68755dc8c2032eb6860ef8a540ecf4145c01e7eddac38ac954c9f28
  languageName: node
  linkType: hard

"@babel/helpers@npm:^7.8.3":
  version: 7.8.3
  resolution: "@babel/helpers@npm:7.8.3"
  dependencies:
    "@babel/template": ^7.8.3
    "@babel/traverse": ^7.8.3
    "@babel/types": ^7.8.3
  checksum: 122c015fa4f61159b7c554a84b945caefefe76b5a5680e65440ae13307320d375d8e142ffe9980c3f19e0f29ed28cac93874c688c8f96e009bc8fa70072d1a48
  languageName: node
  linkType: hard

"@babel/highlight@npm:^7.8.3":
  version: 7.8.3
  resolution: "@babel/highlight@npm:7.8.3"
  dependencies:
    chalk: ^2.0.0
    esutils: ^2.0.2
    js-tokens: ^4.0.0
  checksum: 45074f1f6a9d79d3af6c6d20bd08cf2fa139bba6db0ad9224cba8835b4c49dc385c77e249f8a83ffa7a1bda3d72a382ba0e789e39a5ea8c5531cc35e06db2de4
  languageName: node
  linkType: hard

"@babel/node@npm:^7.8.3":
  version: 7.8.3
  resolution: "@babel/node@npm:7.8.3"
  dependencies:
    "@babel/register": ^7.8.3
    commander: ^4.0.1
    core-js: ^3.2.1
    lodash: ^4.17.13
    node-environment-flags: ^1.0.5
    regenerator-runtime: ^0.13.3
    resolve: ^1.13.1
    v8flags: ^3.1.1
  peerDependencies:
    "@babel/core": ^7.0.0-0
  bin:
    babel-node: ./bin/babel-node.js
  checksum: 6a8d0b26efba6062952aa6b3217f094524d5d41d6be6c09f029ee93245e1a8fbb22396a086e765fd13b79974589f08c0ad4740cb18a51145eea560f3d99309a3
  languageName: node
  linkType: hard

"@babel/parser@npm:^7.8.3":
  version: 7.8.3
  resolution: "@babel/parser@npm:7.8.3"
  bin:
    parser: ./bin/babel-parser.js
  checksum: 3b7a97f4df0c712187436dbbf06797141dede523adf1d0dcb889baf7cb1188b7e7a887d451462a7544800baa1b6f24bbb63db1445874a01d2b91b64705af819c
  languageName: node
  linkType: hard

"@babel/register@npm:^7.8.3":
  version: 7.8.3
  resolution: "@babel/register@npm:7.8.3"
  dependencies:
    find-cache-dir: ^2.0.0
    lodash: ^4.17.13
    make-dir: ^2.1.0
    pirates: ^4.0.0
    source-map-support: ^0.5.16
  peerDependencies:
    "@babel/core": ^7.0.0-0
  checksum: dbfd627510d36613930b74d7831641431e0a506c525a0853e8f5be6f19388a0419194d0a8503fe361471155c1c6f10ad7bbe2e63152f3d87863f53229f5d04ae
  languageName: node
  linkType: hard

"@babel/template@npm:^7.8.3":
  version: 7.8.3
  resolution: "@babel/template@npm:7.8.3"
  dependencies:
    "@babel/code-frame": ^7.8.3
    "@babel/parser": ^7.8.3
    "@babel/types": ^7.8.3
  checksum: 9597719b5b6fd9f3f6be76a635b1ac98eb21778cfdfb2fc785af312c2b553f54be7f018205495da5ea4f2faa53990473d23d72eec694f0e29a4953e0237bb733
  languageName: node
  linkType: hard

"@babel/traverse@npm:^7.8.3":
  version: 7.8.3
  resolution: "@babel/traverse@npm:7.8.3"
  dependencies:
    "@babel/code-frame": ^7.8.3
    "@babel/generator": ^7.8.3
    "@babel/helper-function-name": ^7.8.3
    "@babel/helper-split-export-declaration": ^7.8.3
    "@babel/parser": ^7.8.3
    "@babel/types": ^7.8.3
    debug: ^4.1.0
    globals: ^11.1.0
    lodash: ^4.17.13
  checksum: ef0661136b52a8802768ac56066c21815aeacc95cb3a6bacf9cf2be820edfe3058e29019e4bdf625aafc0b16fb10cc3d429899a73f95a797b484f3fc558cc2b5
  languageName: node
  linkType: hard

"@babel/types@npm:^7.8.3":
  version: 7.8.3
  resolution: "@babel/types@npm:7.8.3"
  dependencies:
    esutils: ^2.0.2
    lodash: ^4.17.13
    to-fast-properties: ^2.0.0
  checksum: a54c4e8efefff51815bf5da701cef5ac5d738da0d94cb3c3d38cb0d3218c914ae08c2f15cc58e0b8e082a3fa50d32e5b6882a4e6522b6549bf6ea725405cd6bc
  languageName: node
  linkType: hard

"ansi-styles@npm:^3.2.1":
  version: 3.2.1
  resolution: "ansi-styles@npm:3.2.1"
  dependencies:
    color-convert: ^1.9.0
  checksum: 6f99bc6ac278aa5c51543d30aeaeab2b6c3de468d1a23504c1e818283680d0f310bb49a59162bc1b0b81e9b5f2dfa60326791a02b82e5d7cf6803e5b922ea142
  languageName: node
  linkType: hard

"buffer-from@npm:^1.0.0":
  version: 1.1.1
  resolution: "buffer-from@npm:1.1.1"
  checksum: b34c802232998fe342f64398c6bfbcd74c7e3d8115513ccc1c932c8ea0e0a205293847bc69be4c32ed9388ca151f635b005019e0bddbd80a5df34da537d722d6
  languageName: node
  linkType: hard

"chalk@npm:^2.0.0":
  version: 2.4.2
  resolution: "chalk@npm:2.4.2"
  dependencies:
    ansi-styles: ^3.2.1
    escape-string-regexp: ^1.0.5
    supports-color: ^5.3.0
  checksum: 06d1d94779a0e08fe03ef15676ae30e973d7269017d3b1e6d06a3bb81e70a3a6b0c26d5743e94b4dfc21a852884306759b8b8c4fe98d72204ed678413beb21f3
  languageName: node
  linkType: hard

"color-convert@npm:^1.9.0":
  version: 1.9.3
  resolution: "color-convert@npm:1.9.3"
  dependencies:
    color-name: 1.1.3
  checksum: 3162a5f034dea55c0ebb3a152e1b8cdf926a9bbada4f6c5eefd7b750810edc019dade72285f669d738cfb07375e17ba2171d22475ab85652b8b7dcf1cf0cc6f1
  languageName: node
  linkType: hard

"color-name@npm:1.1.3":
  version: 1.1.3
  resolution: "color-name@npm:1.1.3"
  checksum: ad6a0e4beb3232906aeba6213234071ca26f463ac748feb897725cbd0f420a0e71962f9627566afc4716e63455f88a35641342302b8d130402cbbea8f6bf8e1e
  languageName: node
  linkType: hard

"commander@npm:^4.0.1":
  version: 4.1.0
  resolution: "commander@npm:4.1.0"
  checksum: d81eae746664233a1371e2783e36374ffd319fc8c977433b2f27074c1eed2ca64c0709875f8009ba640d348f672d39bbfa826d101f51b1b040e9445d682d40c1
  languageName: node
  linkType: hard

"commondir@npm:^1.0.1":
  version: 1.0.1
  resolution: "commondir@npm:1.0.1"
  checksum: ef8d933c6b9f2e186e947ad54b016093f4c0a86c65da9bf175c597106368031437d71cac4d4e1da1fdd47f935b356c593bd341876940a401e3f1db364f7d9e74
  languageName: node
  linkType: hard

"convert-source-map@npm:^1.7.0":
  version: 1.7.0
  resolution: "convert-source-map@npm:1.7.0"
  dependencies:
    safe-buffer: ~5.1.1
  checksum: 50c6138f75db8a63d5bdbdfa56ffa632179d02944c7c6c7e8b37f8ce9bacabc5f2999cadf76baea3a8ed2225f3cd780b6eb772d8601fb81ebc0130862d130f89
  languageName: node
  linkType: hard

"core-js@npm:^3.2.1":
  version: 3.6.4
  resolution: "core-js@npm:3.6.4"
  checksum: c24a306a8427ee9febf89b789d054e29ffb0163d6a9e941d464799a7f7fcece80754fdc358c190f1caf79f1f7074895e73b08855ec5fc089356934d602b4a357
  languageName: node
  linkType: hard

"debug@npm:^4.1.0":
  version: 4.1.1
  resolution: "debug@npm:4.1.1"
  dependencies:
    ms: ^2.1.1
  checksum: e3bfa1544ced80ac5764aa313530150af442e5ce53f91090f00e3aff33a8b535ce60a7502d1451b3cbc2b9cd6994b3a08a38fbd3ff7a2ec801ad79d8b457b8e8
  languageName: node
  linkType: hard

"define-properties@npm:^1.1.2, define-properties@npm:^1.1.3":
  version: 1.1.3
  resolution: "define-properties@npm:1.1.3"
  dependencies:
    object-keys: ^1.0.12
  checksum: 8ea9a3d1d6f9b5ec39f3acdf52c1f406cee2e15630b374daef2b44e67296cbf383481abc30beefa6cccde585ee5c41aa6d80c5c4556e90ffce95bea76f51857e
  languageName: node
  linkType: hard

"es-abstract@npm:^1.17.0-next.1":
  version: 1.17.4
  resolution: "es-abstract@npm:1.17.4"
  dependencies:
    es-to-primitive: ^1.2.1
    function-bind: ^1.1.1
    has: ^1.0.3
    has-symbols: ^1.0.1
    is-callable: ^1.1.5
    is-regex: ^1.0.5
    object-inspect: ^1.7.0
    object-keys: ^1.1.1
    object.assign: ^4.1.0
    string.prototype.trimleft: ^2.1.1
    string.prototype.trimright: ^2.1.1
  checksum: 9282a308badec96204370c1077f2858f40117c0c3350ae3522b316970f3cab896b9573297bec9f357225541a97106f369735a5553bc007c0cbd3958fb34166a3
  languageName: node
  linkType: hard

"es-to-primitive@npm:^1.2.1":
  version: 1.2.1
  resolution: "es-to-primitive@npm:1.2.1"
  dependencies:
    is-callable: ^1.1.4
    is-date-object: ^1.0.1
    is-symbol: ^1.0.2
  checksum: 8c38fb003ba9ce399f4a782505a49fdcf16182c03b8809ae57d0ef983ed8cf2713473af869e747cd4375ccacbad8790a49cbb3b372631d28a3b5bbc617f0685e
  languageName: node
  linkType: hard

"escape-string-regexp@npm:^1.0.5":
  version: 1.0.5
  resolution: "escape-string-regexp@npm:1.0.5"
  checksum: 31da9adff9694f7b63c0542462267656e1d4dcac66a91551781d1ad2554d6641685ff812acc717cd467676af57be458a466d34b086e900354b38dde8724c8046
  languageName: node
  linkType: hard

"esutils@npm:^2.0.2":
  version: 2.0.3
  resolution: "esutils@npm:2.0.3"
  checksum: 03ee97b57d062884ec31397f1d771ad999b56abd56d1fff56b29f8c61ccabde47adb36e3eaa357318de085252fda2cbc8f82c60fd07b2fd02e2e1c6c3e689052
  languageName: node
  linkType: hard

"find-cache-dir@npm:^2.0.0":
  version: 2.1.0
  resolution: "find-cache-dir@npm:2.1.0"
  dependencies:
    commondir: ^1.0.1
    make-dir: ^2.0.0
    pkg-dir: ^3.0.0
  checksum: d042a8ca767608ead5cf760bd6e8506fa0fcd4780b74d502886920c529f862d5908e13d73cc583ea8376f302388a7dae0bdf6389b30b03f22128b78b24e41944
  languageName: node
  linkType: hard

"find-up@npm:^3.0.0":
  version: 3.0.0
  resolution: "find-up@npm:3.0.0"
  dependencies:
    locate-path: ^3.0.0
  checksum: a58b85fac6dd65a13f873a2313d955b8d520396122a8b0bc4a5010eb5d6f71036222169b9fa9914d2a62360f6b9943c5c6e0dbf1139d8130230b33785e7b86c2
  languageName: node
  linkType: hard

"function-bind@npm:^1.1.1":
  version: 1.1.1
  resolution: "function-bind@npm:1.1.1"
  checksum: 6ed0e3f90e8eab9d2a32f526fddd51020a23ad48d6c3806583b0c6e9dd97fbd0736a11bc0d75ee59e32979f149b3ac3c7a8608540968ed3f87d7ef8799c54602
  languageName: node
  linkType: hard

"gensync@npm:^1.0.0-beta.1":
  version: 1.0.0-beta.1
  resolution: "gensync@npm:1.0.0-beta.1"
  checksum: 457229d03368aee69a9d4e96e479a62ae619a18b74e25708c94acb82178bb09791f50a5fc00014cb46a8447ad72e6c8b43ccab7447a637a7b4ade83637948310
  languageName: node
  linkType: hard

"globals@npm:^11.1.0":
  version: 11.12.0
  resolution: "globals@npm:11.12.0"
  checksum: 39e096e838b7a62f864aa523c0bbdcdc835958f3fca657784e067470ef7cf98678b621838d1e0822bb901ab99b52db440051f8ac5c9d5f7136955bf074005abb
  languageName: node
  linkType: hard

"has-flag@npm:^3.0.0":
  version: 3.0.0
  resolution: "has-flag@npm:3.0.0"
  checksum: c69624d2a38d77d4d715b40932cd55635426d75c7c0e72a609a67b4d251905517ca6d1ff6f69ee3b0cfa95a39b31e25af9e3fe04f46b092699ea5f26371d14ab
  languageName: node
  linkType: hard

"has-symbols@npm:^1.0.0, has-symbols@npm:^1.0.1":
  version: 1.0.1
  resolution: "has-symbols@npm:1.0.1"
  checksum: 8fa777f894ebe7b0905db719cc56a021b489e3f628cc7270601b06b2a28315646478e0a8ad2225990cf3c46793f6417f5c3f43a807ead104978bf8308cf5b282
  languageName: node
  linkType: hard

"has@npm:^1.0.3":
  version: 1.0.3
  resolution: "has@npm:1.0.3"
  dependencies:
    function-bind: ^1.1.1
  checksum: 88e52bdec13edd789d27e483cb710f2b11b18f7c03c9f5431d2cef49d8a4f499e182f00fc95e3fc240ea63e89805fac1d6e04a8270e83c14d6ef4ef7b5dd1f78
  languageName: node
  linkType: hard

"homedir-polyfill@npm:^1.0.1":
  version: 1.0.3
  resolution: "homedir-polyfill@npm:1.0.3"
  dependencies:
    parse-passwd: ^1.0.0
  checksum: 6e977c468fc316ca4272dd75702afd275b5c60b467052a266d03942ad353509677a034eb40397c1d53068d07b3aa0cb3a4695ccfbf4d24cdc4c31a53786181dd
  languageName: node
  linkType: hard

"is-callable@npm:^1.1.4, is-callable@npm:^1.1.5":
  version: 1.1.5
  resolution: "is-callable@npm:1.1.5"
  checksum: 6abf0fa6cce421e36d4c2a14d785a012dcc2a12a4234958efa99cb01f534bb9b3a28a22c061ec4ed3024e4c79a611cf2c0cd25420a3f07bb31cf4406a864b34b
  languageName: node
  linkType: hard

"is-date-object@npm:^1.0.1":
  version: 1.0.2
  resolution: "is-date-object@npm:1.0.2"
  checksum: 9b4bbf590abc831cc3486fe11fa1eeaf47ab8cbd678cd5991a42dc66f6e1721c8d2f8a4dd718d05132df3db9716564d331f629624f78309409949f58da84dc88
  languageName: node
  linkType: hard

"is-regex@npm:^1.0.5":
  version: 1.0.5
  resolution: "is-regex@npm:1.0.5"
  dependencies:
    has: ^1.0.3
  checksum: 35a87c521c846fde740ec7c1910b75ad1f1e13db4381cc18373c556f909efba44e23a3cb70b760002eeecc7fc060e37fbf659598852807f82531fdc28a065cd9
  languageName: node
  linkType: hard

"is-symbol@npm:^1.0.2":
  version: 1.0.3
  resolution: "is-symbol@npm:1.0.3"
  dependencies:
    has-symbols: ^1.0.1
  checksum: c165674fedb1355951abb5ddc24b75185871f40f113ea57cbb8e8568eafbdf056338675c029dfc32d1db19e36084195ed8931f1a3ad944b5c732ef9e88bf1d43
  languageName: node
  linkType: hard

"js-tokens@npm:^4.0.0":
  version: 4.0.0
  resolution: "js-tokens@npm:4.0.0"
  checksum: b6b6b65a47500e55103e5ed962133b9c999dd14f00c49494b109e0379482d030ae0db629b870af4f9023991b21a3055749653fb836736f9c2a76046399e8d84a
  languageName: node
  linkType: hard

"jsesc@npm:^2.5.1":
  version: 2.5.2
  resolution: "jsesc@npm:2.5.2"
  bin:
    jsesc: bin/jsesc
  checksum: 31b1e167e4a82a088ac3d20f85470213c1479ad38fca09716c09ffdc4cfb04f977f715b15e7c5dfd6191d9414699beffb076a3d80c347eed320808b8a9fe390a
  languageName: node
  linkType: hard

"json5@npm:^2.1.0":
  version: 2.1.1
  resolution: "json5@npm:2.1.1"
  dependencies:
    minimist: ^1.2.0
  bin:
    json5: lib/cli.js
  checksum: d590aca587972744a44f1d6a544b5308b1b529da41fb59cacd99f8cf9d9e67ae2bc27ee426458c4aa4cfb720674d33ec4093f70eb7393b84fc4c8e0397f9bf42
  languageName: node
  linkType: hard

"locate-path@npm:^3.0.0":
  version: 3.0.0
  resolution: "locate-path@npm:3.0.0"
  dependencies:
    p-locate: ^3.0.0
    path-exists: ^3.0.0
  checksum: 4f89906f2841b7a2f49842958ac794bb928623dadd07fb857ad63f55afc0133aed754f1d059d881265bd4ca2f6ff89ff77889c290212029f0bc5611a6f1a3dfb
  languageName: node
  linkType: hard

"lodash@npm:^4.17.13":
  version: 4.17.15
  resolution: "lodash@npm:4.17.15"
  checksum: b018ec8d4c95f14a4b57005a247eca1bc25639322939471a1958d3bc721b4f18e90edb6ea564854593a8bc1f94956a0352cf0cd372991b98c42d61c0cd11e5a3
  languageName: node
  linkType: hard

"make-dir@npm:^2.0.0, make-dir@npm:^2.1.0":
  version: 2.1.0
  resolution: "make-dir@npm:2.1.0"
  dependencies:
    pify: ^4.0.1
    semver: ^5.6.0
  checksum: 424390dad90d43d0d5c127ed2757254b5ad97d57fdebd7a991eb310700b8fd8194cda2112b56071dd48e165e04b5457caf2da30bc05a3597fbdbf87c5c898029
  languageName: node
  linkType: hard

"minimist@npm:^1.2.0":
  version: 1.2.0
  resolution: "minimist@npm:1.2.0"
  checksum: 06755eb86c09cfff6a239cc3a0a21fac046f333952c508ffdba6b796511725467f930bb0e2cf070401b4287d3383ce29cedb28d1d4b53d569fabc209af8d8706
  languageName: node
  linkType: hard

"ms@npm:^2.1.1":
  version: 2.1.2
  resolution: "ms@npm:2.1.2"
  checksum: 2a3d955e5199024d4b18630ff47c21b52703a5e892615ae233486b8108f26b5493736009754263eebae765ab79d6e20327dad6e52d7843b689d404245e286549
  languageName: node
  linkType: hard

"node-environment-flags@npm:^1.0.5":
  version: 1.0.6
  resolution: "node-environment-flags@npm:1.0.6"
  dependencies:
    object.getownpropertydescriptors: ^2.0.3
    semver: ^5.7.0
  checksum: d9f5fa431ee66e08ee04ceabf527293a33bfa7c25a1c615de8e13915e1900b2dc8d459beca47b38041e0d857d48c4124bfa41df5388eb7ac27f4a1703479f219
  languageName: node
  linkType: hard

"node-modules-regexp@npm:^1.0.0":
  version: 1.0.0
  resolution: "node-modules-regexp@npm:1.0.0"
  checksum: bd567c873c1128e0ccf64e52eb68dea190d19920a91df45dfe481f51bf934a7e644402da1edd1ea4a8e94497a872926da2c90487cf9864229a33f65827136131
  languageName: node
  linkType: hard

"object-inspect@npm:^1.7.0":
  version: 1.7.0
  resolution: "object-inspect@npm:1.7.0"
  checksum: 9d1e61f50ad171799d35c5ee2a904f65a0728de0f8b67e0313d2fce2ca9dfb0c9017063fa491ce6404b1b9f87695967e956518c06dfe929d1a25e478339b8a0f
  languageName: node
  linkType: hard

"object-keys@npm:^1.0.11, object-keys@npm:^1.0.12, object-keys@npm:^1.1.1":
  version: 1.1.1
  resolution: "object-keys@npm:1.1.1"
  checksum: 520e29aea8cde1e8862359e09831f21de4cdb8ad85d3c4a3223b258bf600b0b058d9b6635ffa51d91afec2f1cf51c62dd6eed6deb52b9d332f88c98e864d3845
  languageName: node
  linkType: hard

"object.assign@npm:^4.1.0":
  version: 4.1.0
  resolution: "object.assign@npm:4.1.0"
  dependencies:
    define-properties: ^1.1.2
    function-bind: ^1.1.1
    has-symbols: ^1.0.0
    object-keys: ^1.0.11
  checksum: 4d9f508c190f32772b3527918e000d401ca1e7b70dbfe697bd3820c1f181f582ea8c8419bb492e692c5ad39ae4b648e1172fa35f57ece7d869bee3a8b7983f23
  languageName: node
  linkType: hard

"object.getownpropertydescriptors@npm:^2.0.3":
  version: 2.1.0
  resolution: "object.getownpropertydescriptors@npm:2.1.0"
  dependencies:
    define-properties: ^1.1.3
    es-abstract: ^1.17.0-next.1
  checksum: 56f4880e6b689089507664ff3844fb002e37c54d28d09f2472c9dd0a711fd48a9bb4f359ee367ba31c675bf7d4223c5b6ed7ad2406a0b2ec298f9df85098d6d2
  languageName: node
  linkType: hard

"p-limit@npm:^2.0.0":
  version: 2.2.2
  resolution: "p-limit@npm:2.2.2"
  dependencies:
    p-try: ^2.0.0
  checksum: 6e308b5ac80d62e7a8c07ac8a884bc34858aeeed21d518640445e5005f9092678a5180793958f1b84f93cd8dfa8a145c893712e3db83510ba383f34570c3f600
  languageName: node
  linkType: hard

"p-locate@npm:^3.0.0":
  version: 3.0.0
  resolution: "p-locate@npm:3.0.0"
  dependencies:
    p-limit: ^2.0.0
  checksum: 79303104cac5fad06fc1c30057e1cf14c805180cf82be6efb8b15942079bd3cddb5768ab14b1f19a13be28c1a8491f6a7cd4335f3993078dec4b6aa0888dc7a6
  languageName: node
  linkType: hard

"p-try@npm:^2.0.0":
  version: 2.2.0
  resolution: "p-try@npm:2.2.0"
  checksum: e7dceba546bcab1c72a4c1c8af45c7017e93dcafc4bdd9bd7e78d3b155a7e74cd0ec5277f2039cbc0d538050de1cfa52e8a157a3a741c0a6de870e0f5b03da33
  languageName: node
  linkType: hard

"parse-passwd@npm:^1.0.0":
  version: 1.0.0
  resolution: "parse-passwd@npm:1.0.0"
  checksum: 3cbb1beaaadbf46b60d97f531e628458706095f4c9d90857e380770b6c420a5e4f0a65dfa68677018c649b59a3c53febe8a39ba2f3eb9645c27cbae9aa525ae2
  languageName: node
  linkType: hard

"path-exists@npm:^3.0.0":
  version: 3.0.0
  resolution: "path-exists@npm:3.0.0"
  checksum: b04837ffc484dbe6edde02ee4e00daa4dbc01eaa7da7aae23b643021072a519fa99b3acd225936934f27455abef5b139974f0813ce6b293821f79aaefa5babbb
  languageName: node
  linkType: hard

"path-parse@npm:^1.0.6":
  version: 1.0.6
  resolution: "path-parse@npm:1.0.6"
  checksum: 02894a9a2dd29ba61ce0f79c0cbb230869d16e3129eea46ee1195d6bed370806f254a51f494ad51d5bab4e494ea0a9040819923bec3be586b1f9004a70c65a3a
  languageName: node
  linkType: hard

"pify@npm:^4.0.1":
  version: 4.0.1
  resolution: "pify@npm:4.0.1"
  checksum: 62b9d1bea3b63eea2857fa50b56dc8b6ae7c60a49e1edb45fab1a33bcb21ed551c6ecd811d2362dba0529b56e2715f7fd7d533141e6f3718d36a1a4261107feb
  languageName: node
  linkType: hard

"pirates@npm:^4.0.0":
  version: 4.0.1
  resolution: "pirates@npm:4.0.1"
  dependencies:
    node-modules-regexp: ^1.0.0
  checksum: 33854d16fd918619111053fda6e0d2e4093211f02f5df4692967e230e5a40dedcc860b8abb759aea20fda6cb4e031d331e4b39e2be47905749617e3393f324fd
  languageName: node
  linkType: hard

"pkg-dir@npm:^3.0.0":
  version: 3.0.0
  resolution: "pkg-dir@npm:3.0.0"
  dependencies:
    find-up: ^3.0.0
  checksum: 4d8b5cda8118f4f02a49c5cac96f1c28cec64aa53090da6d6ba3a22ff42358ff6042ad83cdbb2bdf418db485426050ae8ea01bea160ec29c7f6c8fe225dc4455
  languageName: node
  linkType: hard

"regenerator-runtime@npm:^0.13.3":
  version: 0.13.3
  resolution: "regenerator-runtime@npm:0.13.3"
  checksum: 5cdb1fa2138076bb00b2a54e221e18a3f289f22012fbf0f7c9e72a055160bcd9cae51c7b455673135eb42337dc7ce5d79d430ec4a5aee3ebdd58feba198f6601
  languageName: node
  linkType: hard

"resolve@^1.13.1, resolve@^1.3.2":
  version: 1.15.0
  resolution: "resolve@npm:1.15.0"
  dependencies:
    path-parse: ^1.0.6
  checksum: 473908ea6663af397ce8e8f8396b696b2f44a96438701550f778e498b19ca8d8a3ec50dfed1cb5e67a40d8dd225275258e431691c800726f90ced256dcca11ca
  languageName: node
  linkType: hard

"resolve@patch:resolve@^1.13.1#builtin<compat/resolve>, resolve@patch:resolve@^1.3.2#builtin<compat/resolve>":
  version: 1.15.0
  resolution: "resolve@patch:resolve@npm%3A1.15.0#builtin<compat/resolve>::version=1.15.0&hash=8fccd0"
  dependencies:
    path-parse: ^1.0.6
  checksum: 800cafa46c31f68ac9c5b2e86352b175d41c14ca7b062c961fadf65e9c03b582f43babc6945c6a1dbb920b97fb4c9a80f9073416e2f8e77c073f85e76b675e50
  languageName: node
  linkType: hard

"safe-buffer@npm:~5.1.1":
  version: 5.1.2
  resolution: "safe-buffer@npm:5.1.2"
  checksum: 55f6e9116b875a5459a13fd1949d90ed6932f1c6fef70460896abcdf666852cb2119a12435ebbe823416ec49bc3fa5716ff2cc0dd36b9512631148e5113c145e
  languageName: node
  linkType: hard

"semver@npm:^5.4.1, semver@npm:^5.6.0, semver@npm:^5.7.0":
  version: 5.7.1
  resolution: "semver@npm:5.7.1"
  bin:
    semver: ./bin/semver
  checksum: dce4680e58a60e12fd7ec1f274635267206e466eaca54e3238f7c49baf33ba07aae8fe8f002a0cf6ec3e8c6f1ccbf158e8f59acc89c1777063e93eb239fe8b76
  languageName: node
  linkType: hard

"source-map-support@npm:^0.5.16":
  version: 0.5.16
  resolution: "source-map-support@npm:0.5.16"
  dependencies:
    buffer-from: ^1.0.0
    source-map: ^0.6.0
  checksum: 8cbb70583ff6b74dabf1a37ffca840aed7e419e21fad3803485d4ac79af7cdb36819b271dc1a5703a4ee615487a03b2a13a052681d5d9d9050eda33b835e214c
  languageName: node
  linkType: hard

"source-map@npm:^0.5.0":
  version: 0.5.7
  resolution: "source-map@npm:0.5.7"
  checksum: 692efad3884fd7ff69fb1087fce61e3bdb14d21458a391cf856c3ddd01fece42dd8be6677042589733a50d783eecc3821769cb08986efb0d2d15cc8aaa2f911d
  languageName: node
  linkType: hard

"source-map@npm:^0.6.0":
  version: 0.6.1
  resolution: "source-map@npm:0.6.1"
  checksum: fa17f30e37dfa8d8065fc98e8c51ae80d7050055f90dbd40e8644269bda04707386180c4c43af7104a29af56109663e994ccbc2cf766af01e915285c7f93cc40
  languageName: node
  linkType: hard

"string.prototype.trimleft@npm:^2.1.1":
  version: 2.1.1
  resolution: "string.prototype.trimleft@npm:2.1.1"
  dependencies:
    define-properties: ^1.1.3
    function-bind: ^1.1.1
  checksum: cf49ea5d476e7857ddc5d8e99aec9560d205f60034714885f8ba48c1c1b84692f5adb8754689f2de4264c42e20b00b043b4eff8c09647cc4032e013efb0d25db
  languageName: node
  linkType: hard

"string.prototype.trimright@npm:^2.1.1":
  version: 2.1.1
  resolution: "string.prototype.trimright@npm:2.1.1"
  dependencies:
    define-properties: ^1.1.3
    function-bind: ^1.1.1
  checksum: e7065a750dc524988d6b2dd9b20f5ed7aebbb6200cf6648bdded10faa54fd7b3ad30afdcdaec5f5786aeedb66846a80d7d443a8217ac4a7995630191b8732930
  languageName: node
  linkType: hard

"supports-color@npm:^5.3.0":
  version: 5.5.0
  resolution: "supports-color@npm:5.5.0"
  dependencies:
    has-flag: ^3.0.0
  checksum: a67b9f6071d9b1aa9f7744292580af0ad2210e379534f7e2ab31d3248de5efc8a3555655827bf524f18043f6301061fbe59e13d2e8a9bc11cde4ec885ad3d86c
  languageName: node
  linkType: hard

"test@workspace:.":
  version: 0.0.0-use.local
  resolution: "test@workspace:."
  dependencies:
    "@babel/core": ^7.8.3
    "@babel/node": ^7.8.3
  languageName: unknown
  linkType: soft

"to-fast-properties@npm:^2.0.0":
  version: 2.0.0
  resolution: "to-fast-properties@npm:2.0.0"
  checksum: 0ff0bd3e27356443836aa12dba66fea6469563ca42fccb7f74b54d2e41743b2a3c36ae92a0a98178d039dafe1ac6faca87e7ed398514c3511142b7c450d7e9e7
  languageName: node
  linkType: hard

"v8flags@npm:^3.1.1":
  version: 3.1.3
  resolution: "v8flags@npm:3.1.3"
  dependencies:
    homedir-polyfill: ^1.0.1
  checksum: 5a1d54097429452789ebc546c8ad6e7788f7728eada042d28392d78c2955b00839c6fc4bed2eb71aadb1e0098fcd4c81edc9e767beb33342375544bbcc62626a
  languageName: node
  linkType: hard
